
Microsoft Visual Studio Solution File, Format Version 12.00
# Visual Studio Version 18
VisualStudioVersion = 18.2.11415.280 d18.0
MinimumVisualStudioVersion = 10.0.40219.1
Project("{FAE04EC0-301F-11D3-BF4B-00C04F79EFBC}") = "Digger", "Digger.csproj", "{849D63F8-D203-DF15-30AD-EAC927DD09EF}"
EndProject
Global
	GlobalSection(SolutionConfigurationPlatforms) = preSolution
		Debug|Any CPU = Debug|Any CPU
		Release|Any CPU = Release|Any CPU
	EndGlobalSection
	GlobalSection(ProjectConfigurationPlatforms) = postSolution
		{849D63F8-D203-DF15-30AD-EAC927DD09EF}.Debug|Any CPU.ActiveCfg = Debug|Any CPU
		{849D63F8-D203-DF15-30AD-EAC927DD09EF}.Debug|Any CPU.Build.0 = Debug|Any CPU
		{849D63F8-D203-DF15-30AD-EAC927DD09EF}.Release|Any CPU.ActiveCfg = Release|Any CPU
		{849D63F8-D203-DF15-30AD-EAC927DD09EF}.Release|Any CPU.Build.0 = Release|Any CPU
	EndGlobalSection
	GlobalSection(SolutionProperties) = preSolution
		HideSolutionNode = FALSE
	EndGlobalSection
	GlobalSection(ExtensibilityGlobals) = postSolution
		SolutionGuid = {21E33EF7-699E-4C0B-A8E7-C6BC003259F3}
	EndGlobalSection
EndGlobal
