
Microsoft Visual Studio Solution File, Format Version 12.00
# Visual Studio Version 18
VisualStudioVersion = 18.2.11415.280 d18.0
MinimumVisualStudioVersion = 10.0.40219.1
Project("{FAE04EC0-301F-11D3-BF4B-00C04F79EFBC}") = "StructBenchmarking", "StructBenchmarking.csproj", "{A2CD1868-7CA3-D08A-66E9-29E203A3F669}"
EndProject
Global
	GlobalSection(SolutionConfigurationPlatforms) = preSolution
		Debug|Any CPU = Debug|Any CPU
		Release|Any CPU = Release|Any CPU
	EndGlobalSection
	GlobalSection(ProjectConfigurationPlatforms) = postSolution
		{A2CD1868-7CA3-D08A-66E9-29E203A3F669}.Debug|Any CPU.ActiveCfg = Debug|Any CPU
		{A2CD1868-7CA3-D08A-66E9-29E203A3F669}.Debug|Any CPU.Build.0 = Debug|Any CPU
		{A2CD1868-7CA3-D08A-66E9-29E203A3F669}.Release|Any CPU.ActiveCfg = Release|Any CPU
		{A2CD1868-7CA3-D08A-66E9-29E203A3F669}.Release|Any CPU.Build.0 = Release|Any CPU
	EndGlobalSection
	GlobalSection(SolutionProperties) = preSolution
		HideSolutionNode = FALSE
	EndGlobalSection
	GlobalSection(ExtensibilityGlobals) = postSolution
		SolutionGuid = {FBFDCF3A-9FDD-4A1C-ADB9-5EEFD5EB6C13}
	EndGlobalSection
EndGlobal
