
Microsoft Visual Studio Solution File, Format Version 12.00
# Visual Studio Version 18
VisualStudioVersion = 18.2.11415.280 d18.0
MinimumVisualStudioVersion = 10.0.40219.1
Project("{FAE04EC0-301F-11D3-BF4B-00C04F79EFBC}") = "route-planning", "route-planning.csproj", "{521ECCD6-3A26-EFE9-4E07-C377D2E64499}"
EndProject
Global
	GlobalSection(SolutionConfigurationPlatforms) = preSolution
		Debug|Any CPU = Debug|Any CPU
		Release|Any CPU = Release|Any CPU
	EndGlobalSection
	GlobalSection(ProjectConfigurationPlatforms) = postSolution
		{521ECCD6-3A26-EFE9-4E07-C377D2E64499}.Debug|Any CPU.ActiveCfg = Debug|Any CPU
		{521ECCD6-3A26-EFE9-4E07-C377D2E64499}.Debug|Any CPU.Build.0 = Debug|Any CPU
		{521ECCD6-3A26-EFE9-4E07-C377D2E64499}.Release|Any CPU.ActiveCfg = Release|Any CPU
		{521ECCD6-3A26-EFE9-4E07-C377D2E64499}.Release|Any CPU.Build.0 = Release|Any CPU
	EndGlobalSection
	GlobalSection(SolutionProperties) = preSolution
		HideSolutionNode = FALSE
	EndGlobalSection
	GlobalSection(ExtensibilityGlobals) = postSolution
		SolutionGuid = {71492443-84C5-428C-9A80-68CC62741B0C}
	EndGlobalSection
EndGlobal
